
Microsoft Visual Studio Solution File, Format Version 12.00
# Visual Studio Version 16
VisualStudioVersion = 16.0.30907.101
MinimumVisualStudioVersion = 10.0.40219.1
Project("{FAE04EC0-301F-11D3-BF4B-00C04F79EFBC}") = "NahomProject", "NahomProject\NahomProject.csproj", "{CA84F4CC-86EE-4CD1-908F-F3CC2A5B3826}"
EndProject
Project("{FAE04EC0-301F-11D3-BF4B-00C04F79EFBC}") = "MathematicalExpressionAssignment", "MathematicalExpressionAssignment\MathematicalExpressionAssignment.csproj", "{133DD696-421B-466D-AC02-C18E75F5FE49}"
EndProject
Project("{FAE04EC0-301F-11D3-BF4B-00C04F79EFBC}") = "VehicleInformationPresenter", "VehicleInformationPresenter\VehicleInformationPresenter.csproj", "{30A2A746-BDEE-4BFA-8FB6-05E577B90423}"
EndProject
Global
	GlobalSection(SolutionConfigurationPlatforms) = preSolution
		Debug|Any CPU = Debug|Any CPU
		Release|Any CPU = Release|Any CPU
	EndGlobalSection
	GlobalSection(ProjectConfigurationPlatforms) = postSolution
		{CA84F4CC-86EE-4CD1-908F-F3CC2A5B3826}.Debug|Any CPU.ActiveCfg = Debug|Any CPU
		{CA84F4CC-86EE-4CD1-908F-F3CC2A5B3826}.Debug|Any CPU.Build.0 = Debug|Any CPU
		{CA84F4CC-86EE-4CD1-908F-F3CC2A5B3826}.Release|Any CPU.ActiveCfg = Release|Any CPU
		{CA84F4CC-86EE-4CD1-908F-F3CC2A5B3826}.Release|Any CPU.Build.0 = Release|Any CPU
		{133DD696-421B-466D-AC02-C18E75F5FE49}.Debug|Any CPU.ActiveCfg = Debug|Any CPU
		{133DD696-421B-466D-AC02-C18E75F5FE49}.Debug|Any CPU.Build.0 = Debug|Any CPU
		{133DD696-421B-466D-AC02-C18E75F5FE49}.Release|Any CPU.ActiveCfg = Release|Any CPU
		{133DD696-421B-466D-AC02-C18E75F5FE49}.Release|Any CPU.Build.0 = Release|Any CPU
		{30A2A746-BDEE-4BFA-8FB6-05E577B90423}.Debug|Any CPU.ActiveCfg = Debug|Any CPU
		{30A2A746-BDEE-4BFA-8FB6-05E577B90423}.Debug|Any CPU.Build.0 = Debug|Any CPU
		{30A2A746-BDEE-4BFA-8FB6-05E577B90423}.Release|Any CPU.ActiveCfg = Release|Any CPU
		{30A2A746-BDEE-4BFA-8FB6-05E577B90423}.Release|Any CPU.Build.0 = Release|Any CPU
	EndGlobalSection
	GlobalSection(SolutionProperties) = preSolution
		HideSolutionNode = FALSE
	EndGlobalSection
	GlobalSection(ExtensibilityGlobals) = postSolution
		SolutionGuid = {4ABC7848-E9C2-4D9C-B8C5-9DF00FEB79A7}
	EndGlobalSection
EndGlobal
